
Microsoft Visual Studio Solution File, Format Version 12.00
# Visual Studio Version 17
VisualStudioVersion = 17.8.34330.188
MinimumVisualStudioVersion = 10.0.40219.1
Project("{FAE04EC0-301F-11D3-BF4B-00C04F79EFBC}") = "MyFirstBlazorApp", "MyFirstBlazorApp\MyFirstBlazorApp.csproj", "{9103AD06-A988-49C3-AE3C-98528815F92C}"
EndProject
Global
	GlobalSection(SolutionConfigurationPlatforms) = preSolution
		Debug|Any CPU = Debug|Any CPU
		Release|Any CPU = Release|Any CPU
	EndGlobalSection
	GlobalSection(ProjectConfigurationPlatforms) = postSolution
		{9103AD06-A988-49C3-AE3C-98528815F92C}.Debug|Any CPU.ActiveCfg = Debug|Any CPU
		{9103AD06-A988-49C3-AE3C-98528815F92C}.Debug|Any CPU.Build.0 = Debug|Any CPU
		{9103AD06-A988-49C3-AE3C-98528815F92C}.Release|Any CPU.ActiveCfg = Release|Any CPU
		{9103AD06-A988-49C3-AE3C-98528815F92C}.Release|Any CPU.Build.0 = Release|Any CPU
	EndGlobalSection
	GlobalSection(SolutionProperties) = preSolution
		HideSolutionNode = FALSE
	EndGlobalSection
	GlobalSection(ExtensibilityGlobals) = postSolution
		SolutionGuid = {F727D3FD-8658-422B-B476-E0C67B2B2D5A}
	EndGlobalSection
EndGlobal
